
Microsoft Visual Studio Solution File, Format Version 12.00
# Visual Studio Version 17
VisualStudioVersion = 17.9.34728.123
MinimumVisualStudioVersion = 10.0.40219.1
Project("{FAE04EC0-301F-11D3-BF4B-00C04F79EFBC}") = "Presentacion", "GestionDeNotas\Presentacion.csproj", "{5B826A3C-6585-42C3-BA9F-46D66EC824F2}"
EndProject
Project("{FAE04EC0-301F-11D3-BF4B-00C04F79EFBC}") = "DAL", "DAL\DAL.csproj", "{428CFEE5-3DAB-45ED-B16B-B55A8C95529F}"
EndProject
Project("{FAE04EC0-301F-11D3-BF4B-00C04F79EFBC}") = "BLL", "BLL\BLL.csproj", "{DCF05666-B067-4685-AC7C-2C9642BF8F22}"
EndProject
Project("{FAE04EC0-301F-11D3-BF4B-00C04F79EFBC}") = "Entity", "Entity\Entity.csproj", "{BDF7BA3A-EB7A-4EB9-AD3E-5EF5A11F75D9}"
EndProject
Global
	GlobalSection(SolutionConfigurationPlatforms) = preSolution
		Debug|Any CPU = Debug|Any CPU
		Release|Any CPU = Release|Any CPU
	EndGlobalSection
	GlobalSection(ProjectConfigurationPlatforms) = postSolution
		{5B826A3C-6585-42C3-BA9F-46D66EC824F2}.Debug|Any CPU.ActiveCfg = Debug|Any CPU
		{5B826A3C-6585-42C3-BA9F-46D66EC824F2}.Debug|Any CPU.Build.0 = Debug|Any CPU
		{5B826A3C-6585-42C3-BA9F-46D66EC824F2}.Release|Any CPU.ActiveCfg = Release|Any CPU
		{5B826A3C-6585-42C3-BA9F-46D66EC824F2}.Release|Any CPU.Build.0 = Release|Any CPU
		{428CFEE5-3DAB-45ED-B16B-B55A8C95529F}.Debug|Any CPU.ActiveCfg = Debug|Any CPU
		{428CFEE5-3DAB-45ED-B16B-B55A8C95529F}.Debug|Any CPU.Build.0 = Debug|Any CPU
		{428CFEE5-3DAB-45ED-B16B-B55A8C95529F}.Release|Any CPU.ActiveCfg = Release|Any CPU
		{428CFEE5-3DAB-45ED-B16B-B55A8C95529F}.Release|Any CPU.Build.0 = Release|Any CPU
		{DCF05666-B067-4685-AC7C-2C9642BF8F22}.Debug|Any CPU.ActiveCfg = Debug|Any CPU
		{DCF05666-B067-4685-AC7C-2C9642BF8F22}.Debug|Any CPU.Build.0 = Debug|Any CPU
		{DCF05666-B067-4685-AC7C-2C9642BF8F22}.Release|Any CPU.ActiveCfg = Release|Any CPU
		{DCF05666-B067-4685-AC7C-2C9642BF8F22}.Release|Any CPU.Build.0 = Release|Any CPU
		{BDF7BA3A-EB7A-4EB9-AD3E-5EF5A11F75D9}.Debug|Any CPU.ActiveCfg = Debug|Any CPU
		{BDF7BA3A-EB7A-4EB9-AD3E-5EF5A11F75D9}.Debug|Any CPU.Build.0 = Debug|Any CPU
		{BDF7BA3A-EB7A-4EB9-AD3E-5EF5A11F75D9}.Release|Any CPU.ActiveCfg = Release|Any CPU
		{BDF7BA3A-EB7A-4EB9-AD3E-5EF5A11F75D9}.Release|Any CPU.Build.0 = Release|Any CPU
	EndGlobalSection
	GlobalSection(SolutionProperties) = preSolution
		HideSolutionNode = FALSE
	EndGlobalSection
	GlobalSection(ExtensibilityGlobals) = postSolution
		SolutionGuid = {E2ECAF57-446E-4E67-A36A-C76588865FAD}
	EndGlobalSection
EndGlobal
